# THIS IS AN AUTOGENERATED FILE. DO NOT EDIT THIS FILE DIRECTLY.
# yarn lockfile v1


"@types/node@^18.11.17":
  version "18.11.17"
  resolved "https://registry.yarnpkg.com/@types/node/-/node-18.11.17.tgz#5c009e1d9c38f4a2a9d45c0b0c493fe6cdb4bcb5"
  integrity sha512-HJSUJmni4BeDHhfzn6nF0sVmd1SMezP7/4F0Lq+aXzmp2xm9O7WXrUtHW/CHlYVtZUbByEvWidHqRtcJXGF2Ng==

debug@^4.1.1, debug@^4.3.4:
  version "4.3.4"
  resolved "https://registry.yarnpkg.com/debug/-/debug-4.3.4.tgz#1319f6579357f2338d3337d2cdd4914bb5dcc865"
  integrity sha512-PRWFHuSU3eDtQJPvnNY7Jcket1j0t5OuOsFzPPzsekD52Zl8qUfFIPEiswXqIvHWGVHOgX+7G/vCNNhehwxfkQ==
  dependencies:
    ms "2.1.2"

h264-profile-level-id@^1.0.1:
  version "1.0.1"
  resolved "https://registry.yarnpkg.com/h264-profile-level-id/-/h264-profile-level-id-1.0.1.tgz#92033c190766c846e57c6a97e4c1d922943a9cce"
  integrity sha512-D3Rln/jKNjKDW5ZTJTK3niSoOGE+pFqPvRHHVgQN3G7umcn/zWGPUo8Q8VpDj16x3hKz++zVviRNRmXu5cpN+Q==
  dependencies:
    debug "^4.1.1"

kafkajs@^2.2.3:
  version "2.2.3"
  resolved "https://registry.yarnpkg.com/kafkajs/-/kafkajs-2.2.3.tgz#a1ab1b7c4a27699871a89b3978b5cfe5b05c6f3e"
  integrity sha512-JmzIiLHE/TdQ7b4I2B/DNMtfhTh66fmEaEg7gGkyQXBC6f1A7I2jSjeUsVIJfC8d9YcEIURyBjtOEKBO5OHVhg==

mediasoup@^3.11.4:
  version "3.11.4"
  resolved "https://registry.yarnpkg.com/mediasoup/-/mediasoup-3.11.4.tgz#022be9cd7ac2735ff4c3ca5fb24a5ee6c43277f9"
  integrity sha512-kgUeGu0xmPtwRHhoz6a1ta7hVN71RbUrBPkpCfhAL1v9yphuuHtxaaj0v8Yw4mqTEvhJExDO74q5/Rxdc6RE5g==
  dependencies:
    debug "^4.3.4"
    h264-profile-level-id "^1.0.1"
    supports-color "^9.3.0"
    uuid "^9.0.0"

ms@2.1.2:
  version "2.1.2"
  resolved "https://registry.yarnpkg.com/ms/-/ms-2.1.2.tgz#d09d1f357b443f493382a8eb3ccd183872ae6009"
  integrity sha512-sGkPx+VjMtmA6MX27oA4FBFELFCZZ4S4XqeGOXCv68tT+jb3vk/RyaKWP0PTKyWtmLSM0b+adUTEvbs1PEaH2w==

supports-color@^9.3.0:
  version "9.3.1"
  resolved "https://registry.yarnpkg.com/supports-color/-/supports-color-9.3.1.tgz#34e4ad3c71c9a39dae3254ecc46c9b74e89e15a6"
  integrity sha512-knBY82pjmnIzK3NifMo3RxEIRD9E0kIzV4BKcyTZ9+9kWgLMxd4PrsTSMoFQUabgRBbF8KOLRDCyKgNV+iK44Q==

typescript@^4.9.4:
  version "4.9.4"
  resolved "https://registry.yarnpkg.com/typescript/-/typescript-4.9.4.tgz#a2a3d2756c079abda241d75f149df9d561091e78"
  integrity sha512-Uz+dTXYzxXXbsFpM86Wh3dKCxrQqUcVMxwU54orwlJjOpO3ao8L7j5lH+dWfTwgCwIuM9GQ2kvVotzYJMXTBZg==

uuid@^9.0.0:
  version "9.0.0"
  resolved "https://registry.yarnpkg.com/uuid/-/uuid-9.0.0.tgz#592f550650024a38ceb0c562f2f6aa435761efb5"
  integrity sha512-MXcSTerfPa4uqyzStbRoTgt5XIe3x5+42+q1sDuy3R5MDk66URdLMOZe5aPX/SQd+kuYAh0FdP/pO28IkQyTeg==
